
Microsoft Visual Studio Solution File, Format Version 12.00
# Visual Studio Version 17
VisualStudioVersion = 17.8.34601.278
MinimumVisualStudioVersion = 10.0.40219.1
Project("{FAE04EC0-301F-11D3-BF4B-00C04F79EFBC}") = "RedArbor", "RedArbor\RedArbor.csproj", "{0C2B3148-09CE-4DED-88B3-1A2FC7ED110F}"
EndProject
Project("{FAE04EC0-301F-11D3-BF4B-00C04F79EFBC}") = "BaseDatos", "BaseDatos\BaseDatos.csproj", "{08BB4237-280B-4865-81CC-7F8CBBD66F41}"
EndProject
Project("{FAE04EC0-301F-11D3-BF4B-00C04F79EFBC}") = "Servicios", "Servicios\Servicios.csproj", "{5CA0C071-F4AC-428E-BC75-7FB525F4E29D}"
EndProject
Project("{FAE04EC0-301F-11D3-BF4B-00C04F79EFBC}") = "Entidades", "Entidades\Entidades.csproj", "{8A0EF91F-8119-4B83-983D-DDD4D9F09D4C}"
EndProject
Project("{FAE04EC0-301F-11D3-BF4B-00C04F79EFBC}") = "DTO", "DTO\DTO.csproj", "{8677AC88-73E0-4ADF-82C4-51B463AD609B}"
EndProject
Global
	GlobalSection(SolutionConfigurationPlatforms) = preSolution
		Debug|Any CPU = Debug|Any CPU
		Release|Any CPU = Release|Any CPU
	EndGlobalSection
	GlobalSection(ProjectConfigurationPlatforms) = postSolution
		{0C2B3148-09CE-4DED-88B3-1A2FC7ED110F}.Debug|Any CPU.ActiveCfg = Debug|Any CPU
		{0C2B3148-09CE-4DED-88B3-1A2FC7ED110F}.Debug|Any CPU.Build.0 = Debug|Any CPU
		{0C2B3148-09CE-4DED-88B3-1A2FC7ED110F}.Release|Any CPU.ActiveCfg = Release|Any CPU
		{0C2B3148-09CE-4DED-88B3-1A2FC7ED110F}.Release|Any CPU.Build.0 = Release|Any CPU
		{08BB4237-280B-4865-81CC-7F8CBBD66F41}.Debug|Any CPU.ActiveCfg = Debug|Any CPU
		{08BB4237-280B-4865-81CC-7F8CBBD66F41}.Debug|Any CPU.Build.0 = Debug|Any CPU
		{08BB4237-280B-4865-81CC-7F8CBBD66F41}.Release|Any CPU.ActiveCfg = Release|Any CPU
		{08BB4237-280B-4865-81CC-7F8CBBD66F41}.Release|Any CPU.Build.0 = Release|Any CPU
		{5CA0C071-F4AC-428E-BC75-7FB525F4E29D}.Debug|Any CPU.ActiveCfg = Debug|Any CPU
		{5CA0C071-F4AC-428E-BC75-7FB525F4E29D}.Debug|Any CPU.Build.0 = Debug|Any CPU
		{5CA0C071-F4AC-428E-BC75-7FB525F4E29D}.Release|Any CPU.ActiveCfg = Release|Any CPU
		{5CA0C071-F4AC-428E-BC75-7FB525F4E29D}.Release|Any CPU.Build.0 = Release|Any CPU
		{8A0EF91F-8119-4B83-983D-DDD4D9F09D4C}.Debug|Any CPU.ActiveCfg = Debug|Any CPU
		{8A0EF91F-8119-4B83-983D-DDD4D9F09D4C}.Debug|Any CPU.Build.0 = Debug|Any CPU
		{8A0EF91F-8119-4B83-983D-DDD4D9F09D4C}.Release|Any CPU.ActiveCfg = Release|Any CPU
		{8A0EF91F-8119-4B83-983D-DDD4D9F09D4C}.Release|Any CPU.Build.0 = Release|Any CPU
		{8677AC88-73E0-4ADF-82C4-51B463AD609B}.Debug|Any CPU.ActiveCfg = Debug|Any CPU
		{8677AC88-73E0-4ADF-82C4-51B463AD609B}.Debug|Any CPU.Build.0 = Debug|Any CPU
		{8677AC88-73E0-4ADF-82C4-51B463AD609B}.Release|Any CPU.ActiveCfg = Release|Any CPU
		{8677AC88-73E0-4ADF-82C4-51B463AD609B}.Release|Any CPU.Build.0 = Release|Any CPU
	EndGlobalSection
	GlobalSection(SolutionProperties) = preSolution
		HideSolutionNode = FALSE
	EndGlobalSection
	GlobalSection(ExtensibilityGlobals) = postSolution
		SolutionGuid = {96ED1AC1-4A2F-42E3-9547-652DEBDE1DA2}
	EndGlobalSection
EndGlobal
